
Microsoft Visual Studio Solution File, Format Version 12.00
# Visual Studio Version 16
VisualStudioVersion = 16.0.30420.98
MinimumVisualStudioVersion = 10.0.40219.1
Project("{A07B5EB6-E848-4116-A8D0-A826331D98C6}") = "sftestappuser", "sftestapp\sftestappuser.sfproj", "{0459F205-0119-4CE6-B603-72D82BA5A0E9}"
EndProject
Global
	GlobalSection(SolutionConfigurationPlatforms) = preSolution
		Debug|x64 = Debug|x64
		Release|x64 = Release|x64
	EndGlobalSection
	GlobalSection(ProjectConfigurationPlatforms) = postSolution
		{0459F205-0119-4CE6-B603-72D82BA5A0E9}.Debug|x64.ActiveCfg = Debug|x64
		{0459F205-0119-4CE6-B603-72D82BA5A0E9}.Debug|x64.Build.0 = Debug|x64
		{0459F205-0119-4CE6-B603-72D82BA5A0E9}.Debug|x64.Deploy.0 = Debug|x64
		{0459F205-0119-4CE6-B603-72D82BA5A0E9}.Release|x64.ActiveCfg = Release|x64
		{0459F205-0119-4CE6-B603-72D82BA5A0E9}.Release|x64.Build.0 = Release|x64
		{0459F205-0119-4CE6-B603-72D82BA5A0E9}.Release|x64.Deploy.0 = Release|x64
	EndGlobalSection
	GlobalSection(SolutionProperties) = preSolution
		HideSolutionNode = FALSE
	EndGlobalSection
	GlobalSection(ExtensibilityGlobals) = postSolution
		SolutionGuid = {383AB1EE-AC29-4370-99B4-D8BA91290828}
	EndGlobalSection
EndGlobal
